{
  "version": 4,
  "terraform_version": "1.13.0",
  "serial": 8,
  "lineage": "ed3a1e57-e555-5000-3d04-ff4704243432",
  "outputs": {
    "location": {
      "value": "brazilsouth",
      "type": "string"
    },
    "private_ip_address": {
      "value": "10.10.1.4",
      "type": "string"
    },
    "resource_group_name": {
      "value": "rg-lab-02",
      "type": "string"
    },
    "subnet_id": {
      "value": "/subscriptions/69f58db1-f978-4fad-a432-65e42d75d7db/resourceGroups/rg-lab-02/providers/Microsoft.Network/virtualNetworks/vnet-lab-02/subnets/snet-vm",
      "type": "string"
    },
    "vm_name": {
      "value": "vm-ws-lab-02",
      "type": "string"
    },
    "vnet_id": {
      "value": "/subscriptions/69f58db1-f978-4fad-a432-65e42d75d7db/resourceGroups/rg-lab-02/providers/Microsoft.Network/virtualNetworks/vnet-lab-02",
      "type": "string"
    },
    "vnet_name": {
      "value": "vnet-lab-02",
      "type": "string"
    }
  },
  "resources": [
    {
      "module": "module.network",
      "mode": "managed",
      "type": "azurerm_network_security_group",
      "name": "nsg-lab-02",
      "provider": "provider[\"registry.terraform.io/hashicorp/azurerm\"]",
      "instances": [
        {
          "schema_version": 0,
          "attributes": {
            "id": "/subscriptions/69f58db1-f978-4fad-a432-65e42d75d7db/resourceGroups/rg-lab-02/providers/Microsoft.Network/networkSecurityGroups/nsg-lab-02",
            "location": "brazilsouth",
            "name": "nsg-lab-02",
            "resource_group_name": "rg-lab-02",
            "security_rule": [
              {
                "access": "Allow",
                "description": "",
                "destination_address_prefix": "*",
                "destination_address_prefixes": [],
                "destination_application_security_group_ids": [],
                "destination_port_range": "3389",
                "destination_port_ranges": [],
                "direction": "Inbound",
                "name": "Allow-RDP-From-My-IP",
                "priority": 100,
                "protocol": "Tcp",
                "source_address_prefix": "191.13.208.229/32",
                "source_address_prefixes": [],
                "source_application_security_group_ids": [],
                "source_port_range": "*",
                "source_port_ranges": []
              }
            ],
            "tags": null,
            "timeouts": null
          },
          "sensitive_attributes": [],
          "identity_schema_version": 0,
          "private": "eyJlMmJmYjczMC1lY2FhLTExZTYtOGY4OC0zNDM2M2JjN2M0YzAiOnsiY3JlYXRlIjoxODAwMDAwMDAwMDAwLCJkZWxldGUiOjE4MDAwMDAwMDAwMDAsInJlYWQiOjMwMDAwMDAwMDAwMCwidXBkYXRlIjoxODAwMDAwMDAwMDAwfX0=",
          "dependencies": [
            "module.resource_group.azurerm_resource_group.rg-lab-02"
          ]
        }
      ]
    },
    {
      "module": "module.network",
      "mode": "managed",
      "type": "azurerm_subnet",
      "name": "subnet-lab-02",
      "provider": "provider[\"registry.terraform.io/hashicorp/azurerm\"]",
      "instances": [
        {
          "schema_version": 0,
          "attributes": {
            "address_prefixes": [
              "10.10.1.0/24"
            ],
            "default_outbound_access_enabled": true,
            "delegation": [],
            "enforce_private_link_endpoint_network_policies": false,
            "enforce_private_link_service_network_policies": false,
            "id": "/subscriptions/69f58db1-f978-4fad-a432-65e42d75d7db/resourceGroups/rg-lab-02/providers/Microsoft.Network/virtualNetworks/vnet-lab-02/subnets/snet-vm",
            "name": "snet-vm",
            "private_endpoint_network_policies": "Enabled",
            "private_endpoint_network_policies_enabled": true,
            "private_link_service_network_policies_enabled": true,
            "resource_group_name": "rg-lab-02",
            "service_endpoint_policy_ids": null,
            "service_endpoints": null,
            "timeouts": null,
            "virtual_network_name": "vnet-lab-02"
          },
          "sensitive_attributes": [],
          "identity_schema_version": 0,
          "private": "eyJlMmJmYjczMC1lY2FhLTExZTYtOGY4OC0zNDM2M2JjN2M0YzAiOnsiY3JlYXRlIjoxODAwMDAwMDAwMDAwLCJkZWxldGUiOjE4MDAwMDAwMDAwMDAsInJlYWQiOjMwMDAwMDAwMDAwMCwidXBkYXRlIjoxODAwMDAwMDAwMDAwfX0=",
          "dependencies": [
            "module.network.azurerm_virtual_network.vnet-lab-02",
            "module.resource_group.azurerm_resource_group.rg-lab-02"
          ]
        }
      ]
    },
    {
      "module": "module.network",
      "mode": "managed",
      "type": "azurerm_subnet_network_security_group_association",
      "name": "example",
      "provider": "provider[\"registry.terraform.io/hashicorp/azurerm\"]",
      "instances": [
        {
          "schema_version": 0,
          "attributes": {
            "id": "/subscriptions/69f58db1-f978-4fad-a432-65e42d75d7db/resourceGroups/rg-lab-02/providers/Microsoft.Network/virtualNetworks/vnet-lab-02/subnets/snet-vm",
            "network_security_group_id": "/subscriptions/69f58db1-f978-4fad-a432-65e42d75d7db/resourceGroups/rg-lab-02/providers/Microsoft.Network/networkSecurityGroups/nsg-lab-02",
            "subnet_id": "/subscriptions/69f58db1-f978-4fad-a432-65e42d75d7db/resourceGroups/rg-lab-02/providers/Microsoft.Network/virtualNetworks/vnet-lab-02/subnets/snet-vm",
            "timeouts": null
          },
          "sensitive_attributes": [],
          "identity_schema_version": 0,
          "private": "eyJlMmJmYjczMC1lY2FhLTExZTYtOGY4OC0zNDM2M2JjN2M0YzAiOnsiY3JlYXRlIjoxODAwMDAwMDAwMDAwLCJkZWxldGUiOjE4MDAwMDAwMDAwMDAsInJlYWQiOjMwMDAwMDAwMDAwMH19",
          "dependencies": [
            "module.network.azurerm_network_security_group.nsg-lab-02",
            "module.network.azurerm_subnet.subnet-lab-02",
            "module.network.azurerm_virtual_network.vnet-lab-02",
            "module.resource_group.azurerm_resource_group.rg-lab-02"
          ]
        }
      ]
    },
    {
      "module": "module.network",
      "mode": "managed",
      "type": "azurerm_virtual_network",
      "name": "vnet-lab-02",
      "provider": "provider[\"registry.terraform.io/hashicorp/azurerm\"]",
      "instances": [
        {
          "schema_version": 0,
          "attributes": {
            "address_space": [
              "10.10.0.0/16"
            ],
            "bgp_community": "",
            "ddos_protection_plan": [],
            "dns_servers": [],
            "edge_zone": "",
            "encryption": [],
            "flow_timeout_in_minutes": 0,
            "guid": "76f14a4d-2328-4354-b20a-d679aa33cde5",
            "id": "/subscriptions/69f58db1-f978-4fad-a432-65e42d75d7db/resourceGroups/rg-lab-02/providers/Microsoft.Network/virtualNetworks/vnet-lab-02",
            "location": "brazilsouth",
            "name": "vnet-lab-02",
            "resource_group_name": "rg-lab-02",
            "subnet": [],
            "tags": null,
            "timeouts": null
          },
          "sensitive_attributes": [],
          "identity_schema_version": 0,
          "private": "eyJlMmJmYjczMC1lY2FhLTExZTYtOGY4OC0zNDM2M2JjN2M0YzAiOnsiY3JlYXRlIjoxODAwMDAwMDAwMDAwLCJkZWxldGUiOjE4MDAwMDAwMDAwMDAsInJlYWQiOjMwMDAwMDAwMDAwMCwidXBkYXRlIjoxODAwMDAwMDAwMDAwfX0=",
          "dependencies": [
            "module.resource_group.azurerm_resource_group.rg-lab-02"
          ]
        }
      ]
    },
    {
      "module": "module.resource_group",
      "mode": "managed",
      "type": "azurerm_resource_group",
      "name": "rg-lab-02",
      "provider": "provider[\"registry.terraform.io/hashicorp/azurerm\"]",
      "instances": [
        {
          "schema_version": 0,
          "attributes": {
            "id": "/subscriptions/69f58db1-f978-4fad-a432-65e42d75d7db/resourceGroups/rg-lab-02",
            "location": "brazilsouth",
            "managed_by": "",
            "name": "rg-lab-02",
            "tags": null,
            "timeouts": null
          },
          "sensitive_attributes": [],
          "identity_schema_version": 0,
          "private": "eyJlMmJmYjczMC1lY2FhLTExZTYtOGY4OC0zNDM2M2JjN2M0YzAiOnsiY3JlYXRlIjo1NDAwMDAwMDAwMDAwLCJkZWxldGUiOjU0MDAwMDAwMDAwMDAsInJlYWQiOjMwMDAwMDAwMDAwMCwidXBkYXRlIjo1NDAwMDAwMDAwMDAwfX0="
        }
      ]
    },
    {
      "module": "module.vm_windows",
      "mode": "managed",
      "type": "azurerm_network_interface",
      "name": "nic",
      "provider": "provider[\"registry.terraform.io/hashicorp/azurerm\"]",
      "instances": [
        {
          "schema_version": 0,
          "attributes": {
            "accelerated_networking_enabled": false,
            "applied_dns_servers": [],
            "auxiliary_mode": "",
            "auxiliary_sku": "",
            "dns_servers": [],
            "edge_zone": "",
            "enable_accelerated_networking": false,
            "enable_ip_forwarding": false,
            "id": "/subscriptions/69f58db1-f978-4fad-a432-65e42d75d7db/resourceGroups/rg-lab-02/providers/Microsoft.Network/networkInterfaces/vm-ws-lab-02-nic",
            "internal_dns_name_label": "",
            "internal_domain_name_suffix": "jvfpc3rienkehmqk0z20um4n2f.nx.internal.cloudapp.net",
            "ip_configuration": [
              {
                "gateway_load_balancer_frontend_ip_configuration_id": "",
                "name": "internal",
                "primary": true,
                "private_ip_address": "10.10.1.4",
                "private_ip_address_allocation": "Dynamic",
                "private_ip_address_version": "IPv4",
                "public_ip_address_id": "",
                "subnet_id": "/subscriptions/69f58db1-f978-4fad-a432-65e42d75d7db/resourceGroups/rg-lab-02/providers/Microsoft.Network/virtualNetworks/vnet-lab-02/subnets/snet-vm"
              }
            ],
            "ip_forwarding_enabled": false,
            "location": "brazilsouth",
            "mac_address": "",
            "name": "vm-ws-lab-02-nic",
            "private_ip_address": "10.10.1.4",
            "private_ip_addresses": [
              "10.10.1.4"
            ],
            "resource_group_name": "rg-lab-02",
            "tags": null,
            "timeouts": null,
            "virtual_machine_id": ""
          },
          "sensitive_attributes": [],
          "identity_schema_version": 0,
          "private": "eyJlMmJmYjczMC1lY2FhLTExZTYtOGY4OC0zNDM2M2JjN2M0YzAiOnsiY3JlYXRlIjoxODAwMDAwMDAwMDAwLCJkZWxldGUiOjE4MDAwMDAwMDAwMDAsInJlYWQiOjMwMDAwMDAwMDAwMCwidXBkYXRlIjoxODAwMDAwMDAwMDAwfX0=",
          "dependencies": [
            "module.network.azurerm_subnet.subnet-lab-02",
            "module.network.azurerm_virtual_network.vnet-lab-02",
            "module.resource_group.azurerm_resource_group.rg-lab-02"
          ]
        }
      ]
    }
  ],
  "check_results": [
    {
      "object_kind": "var",
      "config_addr": "module.network.var.allowed_rdp_cidr",
      "status": "pass",
      "objects": [
        {
          "object_addr": "module.network.var.allowed_rdp_cidr",
          "status": "pass"
        }
      ]
    },
    {
      "object_kind": "var",
      "config_addr": "var.allowed_rdp_cidr",
      "status": "pass",
      "objects": [
        {
          "object_addr": "var.allowed_rdp_cidr",
          "status": "pass"
        }
      ]
    },
    {
      "object_kind": "var",
      "config_addr": "var.subscription_id",
      "status": "pass",
      "objects": [
        {
          "object_addr": "var.subscription_id",
          "status": "pass"
        }
      ]
    },
    {
      "object_kind": "var",
      "config_addr": "var.vnet_address_space",
      "status": "pass",
      "objects": [
        {
          "object_addr": "var.vnet_address_space",
          "status": "pass"
        }
      ]
    },
    {
      "object_kind": "var",
      "config_addr": "var.subnet_address_prefixes",
      "status": "pass",
      "objects": [
        {
          "object_addr": "var.subnet_address_prefixes",
          "status": "pass"
        }
      ]
    }
  ]
}
